// !$*UTF8*$!
{
	archiveVersion = 1;
	classes = {
	};
	objectVersion = 46;
	objects = {

/* Begin PBXBuildFile section */
		5C2987731A5AC3AD0077D14A /* main.cpp in Sources */ = {isa = PBXBuildFile; fileRef = 5C2987721A5AC3AD0077D14A /* main.cpp */; };
		5C29877B1A5AC98E0077D14A /* Array2Dim.cpp in Sources */ = {isa = PBXBuildFile; fileRef = 5C2987791A5AC98E0077D14A /* Array2Dim.cpp */; };
		5C2987811A5AE2CD0077D14A /* PermutatedArray2DimList.cpp in Sources */ = {isa = PBXBuildFile; fileRef = 5C29877F1A5AE2CD0077D14A /* PermutatedArray2DimList.cpp */; };
/* End PBXBuildFile section */

/* Begin PBXCopyFilesBuildPhase section */
		5C29876D1A5AC3AD0077D14A /* CopyFiles */ = {
			isa = PBXCopyFilesBuildPhase;
			buildActionMask = 2147483647;
			dstPath = /usr/share/man/man1/;
			dstSubfolderSpec = 0;
			files = (
			);
			runOnlyForDeploymentPostprocessing = 1;
		};
/* End PBXCopyFilesBuildPhase section */

/* Begin PBXFileReference section */
		5C29876F1A5AC3AD0077D14A /* ArrayPermutation */ = {isa = PBXFileReference; explicitFileType = "compiled.mach-o.executable"; includeInIndex = 0; path = ArrayPermutation; sourceTree = BUILT_PRODUCTS_DIR; };
		5C2987721A5AC3AD0077D14A /* main.cpp */ = {isa = PBXFileReference; lastKnownFileType = sourcecode.cpp.cpp; path = main.cpp; sourceTree = "<group>"; };
		5C2987791A5AC98E0077D14A /* Array2Dim.cpp */ = {isa = PBXFileReference; fileEncoding = 4; lastKnownFileType = sourcecode.cpp.cpp; path = Array2Dim.cpp; sourceTree = "<group>"; };
		5C29877A1A5AC98E0077D14A /* Array2Dim.h */ = {isa = PBXFileReference; fileEncoding = 4; lastKnownFileType = sourcecode.c.h; path = Array2Dim.h; sourceTree = "<group>"; };
		5C29877F1A5AE2CD0077D14A /* PermutatedArray2DimList.cpp */ = {isa = PBXFileReference; fileEncoding = 4; lastKnownFileType = sourcecode.cpp.cpp; path = PermutatedArray2DimList.cpp; sourceTree = "<group>"; };
		5C2987801A5AE2CD0077D14A /* PermutatedArray2DimList.h */ = {isa = PBXFileReference; fileEncoding = 4; lastKnownFileType = sourcecode.c.h; path = PermutatedArray2DimList.h; sourceTree = "<group>"; };
/* End PBXFileReference section */

/* Begin PBXFrameworksBuildPhase section */
		5C29876C1A5AC3AD0077D14A /* Frameworks */ = {
			isa = PBXFrameworksBuildPhase;
			buildActionMask = 2147483647;
			files = (
			);
			runOnlyForDeploymentPostprocessing = 0;
		};
/* End PBXFrameworksBuildPhase section */

/* Begin PBXGroup section */
		5C2987661A5AC3AD0077D14A = {
			isa = PBXGroup;
			children = (
				5C2987711A5AC3AD0077D14A /* ArrayPermutation */,
				5C2987701A5AC3AD0077D14A /* Products */,
			);
			sourceTree = "<group>";
		};
		5C2987701A5AC3AD0077D14A /* Products */ = {
			isa = PBXGroup;
			children = (
				5C29876F1A5AC3AD0077D14A /* ArrayPermutation */,
			);
			name = Products;
			sourceTree = "<group>";
		};
		5C2987711A5AC3AD0077D14A /* ArrayPermutation */ = {
			isa = PBXGroup;
			children = (
				5C2987721A5AC3AD0077D14A /* main.cpp */,
				5C2987791A5AC98E0077D14A /* Array2Dim.cpp */,
				5C29877A1A5AC98E0077D14A /* Array2Dim.h */,
				5C29877F1A5AE2CD0077D14A /* PermutatedArray2DimList.cpp */,
				5C2987801A5AE2CD0077D14A /* PermutatedArray2DimList.h */,
			);
			path = ArrayPermutation;
			sourceTree = "<group>";
		};
/* End PBXGroup section */

/* Begin PBXNativeTarget section */
		5C29876E1A5AC3AD0077D14A /* ArrayPermutation */ = {
			isa = PBXNativeTarget;
			buildConfigurationList = 5C2987761A5AC3AD0077D14A /* Build configuration list for PBXNativeTarget "ArrayPermutation" */;
			buildPhases = (
				5C29876B1A5AC3AD0077D14A /* Sources */,
				5C29876C1A5AC3AD0077D14A /* Frameworks */,
				5C29876D1A5AC3AD0077D14A /* CopyFiles */,
			);
			buildRules = (
			);
			dependencies = (
			);
			name = ArrayPermutation;
			productName = ArrayPermutation;
			productReference = 5C29876F1A5AC3AD0077D14A /* ArrayPermutation */;
			productType = "com.apple.product-type.tool";
		};
/* End PBXNativeTarget section */

/* Begin PBXProject section */
		5C2987671A5AC3AD0077D14A /* Project object */ = {
			isa = PBXProject;
			attributes = {
				LastUpgradeCheck = 0610;
				ORGANIZATIONNAME = "Yoppy Yunhasnawa";
				TargetAttributes = {
					5C29876E1A5AC3AD0077D14A = {
						CreatedOnToolsVersion = 6.1.1;
					};
				};
			};
			buildConfigurationList = 5C29876A1A5AC3AD0077D14A /* Build configuration list for PBXProject "ArrayPermutation" */;
			compatibilityVersion = "Xcode 3.2";
			developmentRegion = English;
			hasScannedForEncodings = 0;
			knownRegions = (
				en,
			);
			mainGroup = 5C2987661A5AC3AD0077D14A;
			productRefGroup = 5C2987701A5AC3AD0077D14A /* Products */;
			projectDirPath = "";
			projectRoot = "";
			targets = (
				5C29876E1A5AC3AD0077D14A /* ArrayPermutation */,
			);
		};
/* End PBXProject section */

/* Begin PBXSourcesBuildPhase section */
		5C29876B1A5AC3AD0077D14A /* Sources */ = {
			isa = PBXSourcesBuildPhase;
			buildActionMask = 2147483647;
			files = (
				5C2987731A5AC3AD0077D14A /* main.cpp in Sources */,
				5C29877B1A5AC98E0077D14A /* Array2Dim.cpp in Sources */,
				5C2987811A5AE2CD0077D14A /* PermutatedArray2DimList.cpp in Sources */,
			);
			runOnlyForDeploymentPostprocessing = 0;
		};
/* End PBXSourcesBuildPhase section */

/* Begin XCBuildConfiguration section */
		5C2987741A5AC3AD0077D14A /* Debug */ = {
			isa = XCBuildConfiguration;
			buildSettings = {
				ALWAYS_SEARCH_USER_PATHS = NO;
				CLANG_CXX_LANGUAGE_STANDARD = "gnu++0x";
				CLANG_CXX_LIBRARY = "libc++";
				CLANG_ENABLE_MODULES = YES;
				CLANG_ENABLE_OBJC_ARC = YES;
				CLANG_WARN_BOOL_CONVERSION = YES;
				CLANG_WARN_CONSTANT_CONVERSION = YES;
				CLANG_WARN_DIRECT_OBJC_ISA_USAGE = YES_ERROR;
				CLANG_WARN_EMPTY_BODY = YES;
				CLANG_WARN_ENUM_CONVERSION = YES;
				CLANG_WARN_INT_CONVERSION = YES;
				CLANG_WARN_OBJC_ROOT_CLASS = YES_ERROR;
				CLANG_WARN_UNREACHABLE_CODE = YES;
				CLANG_WARN__DUPLICATE_METHOD_MATCH = YES;
				COPY_PHASE_STRIP = NO;
				ENABLE_STRICT_OBJC_MSGSEND = YES;
				GCC_C_LANGUAGE_STANDARD = gnu99;
				GCC_DYNAMIC_NO_PIC = NO;
				GCC_OPTIMIZATION_LEVEL = 0;
				GCC_PREPROCESSOR_DEFINITIONS = (
					"DEBUG=1",
					"$(inherited)",
				);
				GCC_SYMBOLS_PRIVATE_EXTERN = NO;
				GCC_WARN_64_TO_32_BIT_CONVERSION = YES;
				GCC_WARN_ABOUT_RETURN_TYPE = YES_ERROR;
				GCC_WARN_UNDECLARED_SELECTOR = YES;
				GCC_WARN_UNINITIALIZED_AUTOS = YES_AGGRESSIVE;
				GCC_WARN_UNUSED_FUNCTION = YES;
				GCC_WARN_UNUSED_VARIABLE = YES;
				MACOSX_DEPLOYMENT_TARGET = 10.10;
				MTL_ENABLE_DEBUG_INFO = YES;
				ONLY_ACTIVE_ARCH = YES;
				SDKROOT = macosx;
			};
			name = Debug;
		};
		5C2987751A5AC3AD0077D14A /* Release */ = {
			isa = XCBuildConfiguration;
			buildSettings = {
				ALWAYS_SEARCH_USER_PATHS = NO;
				CLANG_CXX_LANGUAGE_STANDARD = "gnu++0x";
				CLANG_CXX_LIBRARY = "libc++";
				CLANG_ENABLE_MODULES = YES;
				CLANG_ENABLE_OBJC_ARC = YES;
				CLANG_WARN_BOOL_CONVERSION = YES;
				CLANG_WARN_CONSTANT_CONVERSION = YES;
				CLANG_WARN_DIRECT_OBJC_ISA_USAGE = YES_ERROR;
				CLANG_WARN_EMPTY_BODY = YES;
				CLANG_WARN_ENUM_CONVERSION = YES;
				CLANG_WARN_INT_CONVERSION = YES;
				CLANG_WARN_OBJC_ROOT_CLASS = YES_ERROR;
				CLANG_WARN_UNREACHABLE_CODE = YES;
				CLANG_WARN__DUPLICATE_METHOD_MATCH = YES;
				COPY_PHASE_STRIP = YES;
				DEBUG_INFORMATION_FORMAT = "dwarf-with-dsym";
				ENABLE_NS_ASSERTIONS = NO;
				ENABLE_STRICT_OBJC_MSGSEND = YES;
				GCC_C_LANGUAGE_STANDARD = gnu99;
				GCC_WARN_64_TO_32_BIT_CONVERSION = YES;
				GCC_WARN_ABOUT_RETURN_TYPE = YES_ERROR;
				GCC_WARN_UNDECLARED_SELECTOR = YES;
				GCC_WARN_UNINITIALIZED_AUTOS = YES_AGGRESSIVE;
				GCC_WARN_UNUSED_FUNCTION = YES;
				GCC_WARN_UNUSED_VARIABLE = YES;
				MACOSX_DEPLOYMENT_TARGET = 10.10;
				MTL_ENABLE_DEBUG_INFO = NO;
				SDKROOT = macosx;
			};
			name = Release;
		};
		5C2987771A5AC3AD0077D14A /* Debug */ = {
			isa = XCBuildConfiguration;
			buildSettings = {
				PRODUCT_NAME = "$(TARGET_NAME)";
			};
			name = Debug;
		};
		5C2987781A5AC3AD0077D14A /* Release */ = {
			isa = XCBuildConfiguration;
			buildSettings = {
				PRODUCT_NAME = "$(TARGET_NAME)";
			};
			name = Release;
		};
/* End XCBuildConfiguration section */

/* Begin XCConfigurationList section */
		5C29876A1A5AC3AD0077D14A /* Build configuration list for PBXProject "ArrayPermutation" */ = {
			isa = XCConfigurationList;
			buildConfigurations = (
				5C2987741A5AC3AD0077D14A /* Debug */,
				5C2987751A5AC3AD0077D14A /* Release */,
			);
			defaultConfigurationIsVisible = 0;
			defaultConfigurationName = Release;
		};
		5C2987761A5AC3AD0077D14A /* Build configuration list for PBXNativeTarget "ArrayPermutation" */ = {
			isa = XCConfigurationList;
			buildConfigurations = (
				5C2987771A5AC3AD0077D14A /* Debug */,
				5C2987781A5AC3AD0077D14A /* Release */,
			);
			defaultConfigurationIsVisible = 0;
		};
/* End XCConfigurationList section */
	};
	rootObject = 5C2987671A5AC3AD0077D14A /* Project object */;
}
